
Microsoft Visual Studio Solution File, Format Version 12.00
# Visual Studio Version 17
VisualStudioVersion = 17.13.35919.96 d17.13
MinimumVisualStudioVersion = 10.0.40219.1
Project("{FAE04EC0-301F-11D3-BF4B-00C04F79EFBC}") = "ChessGame", "ChessGame\ChessGame.csproj", "{98576836-7FB8-43FD-91C1-F84D7D3D87CF}"
EndProject
Global
	GlobalSection(SolutionConfigurationPlatforms) = preSolution
		Debug|Any CPU = Debug|Any CPU
		Release|Any CPU = Release|Any CPU
	EndGlobalSection
	GlobalSection(ProjectConfigurationPlatforms) = postSolution
		{98576836-7FB8-43FD-91C1-F84D7D3D87CF}.Debug|Any CPU.ActiveCfg = Debug|Any CPU
		{98576836-7FB8-43FD-91C1-F84D7D3D87CF}.Debug|Any CPU.Build.0 = Debug|Any CPU
		{98576836-7FB8-43FD-91C1-F84D7D3D87CF}.Release|Any CPU.ActiveCfg = Release|Any CPU
		{98576836-7FB8-43FD-91C1-F84D7D3D87CF}.Release|Any CPU.Build.0 = Release|Any CPU
	EndGlobalSection
	GlobalSection(SolutionProperties) = preSolution
		HideSolutionNode = FALSE
	EndGlobalSection
	GlobalSection(ExtensibilityGlobals) = postSolution
		SolutionGuid = {360290CD-BE7E-44BD-9ABD-5B089188E14D}
	EndGlobalSection
EndGlobal
